
Microsoft Visual Studio Solution File, Format Version 12.00
# Visual Studio 2012
VisualStudioVersion = 12.0.31101.0
MinimumVisualStudioVersion = 10.0.40219.1
Project("{FAE04EC0-301F-11D3-BF4B-00C04F79EFBC}") = "IntroCustomRenderer", "IntroCustomRenderer\IntroCustomRenderer\IntroCustomRenderer.csproj", "{5E8D0EBB-6B9A-4E38-A780-4D416AE07A5D}"
EndProject
Project("{FAE04EC0-301F-11D3-BF4B-00C04F79EFBC}") = "IntroCustomRenderer.iOS", "IntroCustomRenderer\IntroCustomRenderer.iOS\IntroCustomRenderer.iOS.csproj", "{906C774D-C4E5-4C9E-98A6-D2E81627FB38}"
EndProject
Project("{FAE04EC0-301F-11D3-BF4B-00C04F79EFBC}") = "IntroCustomRenderer.Droid", "IntroCustomRenderer\IntroCustomRenderer.Droid\IntroCustomRenderer.Droid.csproj", "{AA487211-D79A-47C1-914C-D07211DC8F22}"
EndProject
Project("{FAE04EC0-301F-11D3-BF4B-00C04F79EFBC}") = "IntroCustomRenderer.WinPhone", "IntroCustomRenderer\IntroCustomRenderer.WinPhone\IntroCustomRenderer.WinPhone.csproj", "{6261AFB3-A7FF-417A-9BB5-E6AF8D28F0DF}"
EndProject
Global
	GlobalSection(SolutionConfigurationPlatforms) = preSolution
		Ad-Hoc|Any CPU = Ad-Hoc|Any CPU
		Ad-Hoc|ARM = Ad-Hoc|ARM
		Ad-Hoc|iPhone = Ad-Hoc|iPhone
		Ad-Hoc|iPhoneSimulator = Ad-Hoc|iPhoneSimulator
		Ad-Hoc|Mixed Platforms = Ad-Hoc|Mixed Platforms
		Ad-Hoc|x86 = Ad-Hoc|x86
		AppStore|Any CPU = AppStore|Any CPU
		AppStore|ARM = AppStore|ARM
		AppStore|iPhone = AppStore|iPhone
		AppStore|iPhoneSimulator = AppStore|iPhoneSimulator
		AppStore|Mixed Platforms = AppStore|Mixed Platforms
		AppStore|x86 = AppStore|x86
		Debug|Any CPU = Debug|Any CPU
		Debug|ARM = Debug|ARM
		Debug|iPhone = Debug|iPhone
		Debug|iPhoneSimulator = Debug|iPhoneSimulator
		Debug|Mixed Platforms = Debug|Mixed Platforms
		Debug|x86 = Debug|x86
		Release|Any CPU = Release|Any CPU
		Release|ARM = Release|ARM
		Release|iPhone = Release|iPhone
		Release|iPhoneSimulator = Release|iPhoneSimulator
		Release|Mixed Platforms = Release|Mixed Platforms
		Release|x86 = Release|x86
	EndGlobalSection
	GlobalSection(ProjectConfigurationPlatforms) = postSolution
		{5E8D0EBB-6B9A-4E38-A780-4D416AE07A5D}.Ad-Hoc|Any CPU.ActiveCfg = Release|Any CPU
		{5E8D0EBB-6B9A-4E38-A780-4D416AE07A5D}.Ad-Hoc|Any CPU.Build.0 = Release|Any CPU
		{5E8D0EBB-6B9A-4E38-A780-4D416AE07A5D}.Ad-Hoc|ARM.ActiveCfg = Release|Any CPU
		{5E8D0EBB-6B9A-4E38-A780-4D416AE07A5D}.Ad-Hoc|iPhone.ActiveCfg = Release|Any CPU
		{5E8D0EBB-6B9A-4E38-A780-4D416AE07A5D}.Ad-Hoc|iPhoneSimulator.ActiveCfg = Release|Any CPU
		{5E8D0EBB-6B9A-4E38-A780-4D416AE07A5D}.Ad-Hoc|Mixed Platforms.ActiveCfg = Release|Any CPU
		{5E8D0EBB-6B9A-4E38-A780-4D416AE07A5D}.Ad-Hoc|Mixed Platforms.Build.0 = Release|Any CPU
		{5E8D0EBB-6B9A-4E38-A780-4D416AE07A5D}.Ad-Hoc|x86.ActiveCfg = Release|Any CPU
		{5E8D0EBB-6B9A-4E38-A780-4D416AE07A5D}.AppStore|Any CPU.ActiveCfg = Release|Any CPU
		{5E8D0EBB-6B9A-4E38-A780-4D416AE07A5D}.AppStore|Any CPU.Build.0 = Release|Any CPU
		{5E8D0EBB-6B9A-4E38-A780-4D416AE07A5D}.AppStore|ARM.ActiveCfg = Release|Any CPU
		{5E8D0EBB-6B9A-4E38-A780-4D416AE07A5D}.AppStore|iPhone.ActiveCfg = Release|Any CPU
		{5E8D0EBB-6B9A-4E38-A780-4D416AE07A5D}.AppStore|iPhoneSimulator.ActiveCfg = Release|Any CPU
		{5E8D0EBB-6B9A-4E38-A780-4D416AE07A5D}.AppStore|Mixed Platforms.ActiveCfg = Release|Any CPU
		{5E8D0EBB-6B9A-4E38-A780-4D416AE07A5D}.AppStore|Mixed Platforms.Build.0 = Release|Any CPU
		{5E8D0EBB-6B9A-4E38-A780-4D416AE07A5D}.AppStore|x86.ActiveCfg = Release|Any CPU
		{5E8D0EBB-6B9A-4E38-A780-4D416AE07A5D}.Debug|Any CPU.ActiveCfg = Debug|Any CPU
		{5E8D0EBB-6B9A-4E38-A780-4D416AE07A5D}.Debug|Any CPU.Build.0 = Debug|Any CPU
		{5E8D0EBB-6B9A-4E38-A780-4D416AE07A5D}.Debug|ARM.ActiveCfg = Debug|Any CPU
		{5E8D0EBB-6B9A-4E38-A780-4D416AE07A5D}.Debug|iPhone.ActiveCfg = Debug|Any CPU
		{5E8D0EBB-6B9A-4E38-A780-4D416AE07A5D}.Debug|iPhoneSimulator.ActiveCfg = Debug|Any CPU
		{5E8D0EBB-6B9A-4E38-A780-4D416AE07A5D}.Debug|Mixed Platforms.ActiveCfg = Debug|Any CPU
		{5E8D0EBB-6B9A-4E38-A780-4D416AE07A5D}.Debug|Mixed Platforms.Build.0 = Debug|Any CPU
		{5E8D0EBB-6B9A-4E38-A780-4D416AE07A5D}.Debug|x86.ActiveCfg = Debug|Any CPU
		{5E8D0EBB-6B9A-4E38-A780-4D416AE07A5D}.Release|Any CPU.ActiveCfg = Release|Any CPU
		{5E8D0EBB-6B9A-4E38-A780-4D416AE07A5D}.Release|Any CPU.Build.0 = Release|Any CPU
		{5E8D0EBB-6B9A-4E38-A780-4D416AE07A5D}.Release|ARM.ActiveCfg = Release|Any CPU
		{5E8D0EBB-6B9A-4E38-A780-4D416AE07A5D}.Release|iPhone.ActiveCfg = Release|Any CPU
		{5E8D0EBB-6B9A-4E38-A780-4D416AE07A5D}.Release|iPhoneSimulator.ActiveCfg = Release|Any CPU
		{5E8D0EBB-6B9A-4E38-A780-4D416AE07A5D}.Release|Mixed Platforms.ActiveCfg = Release|Any CPU
		{5E8D0EBB-6B9A-4E38-A780-4D416AE07A5D}.Release|Mixed Platforms.Build.0 = Release|Any CPU
		{5E8D0EBB-6B9A-4E38-A780-4D416AE07A5D}.Release|x86.ActiveCfg = Release|Any CPU
		{6261AFB3-A7FF-417A-9BB5-E6AF8D28F0DF}.Ad-Hoc|Any CPU.ActiveCfg = Release|Any CPU
		{6261AFB3-A7FF-417A-9BB5-E6AF8D28F0DF}.Ad-Hoc|Any CPU.Build.0 = Release|Any CPU
		{6261AFB3-A7FF-417A-9BB5-E6AF8D28F0DF}.Ad-Hoc|Any CPU.Deploy.0 = Release|Any CPU
		{6261AFB3-A7FF-417A-9BB5-E6AF8D28F0DF}.Ad-Hoc|ARM.ActiveCfg = Release|ARM
		{6261AFB3-A7FF-417A-9BB5-E6AF8D28F0DF}.Ad-Hoc|ARM.Build.0 = Release|ARM
		{6261AFB3-A7FF-417A-9BB5-E6AF8D28F0DF}.Ad-Hoc|ARM.Deploy.0 = Release|ARM
		{6261AFB3-A7FF-417A-9BB5-E6AF8D28F0DF}.Ad-Hoc|iPhone.ActiveCfg = Release|Any CPU
		{6261AFB3-A7FF-417A-9BB5-E6AF8D28F0DF}.Ad-Hoc|iPhoneSimulator.ActiveCfg = Release|Any CPU
		{6261AFB3-A7FF-417A-9BB5-E6AF8D28F0DF}.Ad-Hoc|Mixed Platforms.ActiveCfg = Release|x86
		{6261AFB3-A7FF-417A-9BB5-E6AF8D28F0DF}.Ad-Hoc|Mixed Platforms.Build.0 = Release|x86
		{6261AFB3-A7FF-417A-9BB5-E6AF8D28F0DF}.Ad-Hoc|Mixed Platforms.Deploy.0 = Release|x86
		{6261AFB3-A7FF-417A-9BB5-E6AF8D28F0DF}.Ad-Hoc|x86.ActiveCfg = Release|x86
		{6261AFB3-A7FF-417A-9BB5-E6AF8D28F0DF}.Ad-Hoc|x86.Build.0 = Release|x86
		{6261AFB3-A7FF-417A-9BB5-E6AF8D28F0DF}.Ad-Hoc|x86.Deploy.0 = Release|x86
		{6261AFB3-A7FF-417A-9BB5-E6AF8D28F0DF}.AppStore|Any CPU.ActiveCfg = Release|Any CPU
		{6261AFB3-A7FF-417A-9BB5-E6AF8D28F0DF}.AppStore|Any CPU.Build.0 = Release|Any CPU
		{6261AFB3-A7FF-417A-9BB5-E6AF8D28F0DF}.AppStore|Any CPU.Deploy.0 = Release|Any CPU
		{6261AFB3-A7FF-417A-9BB5-E6AF8D28F0DF}.AppStore|ARM.ActiveCfg = Release|ARM
		{6261AFB3-A7FF-417A-9BB5-E6AF8D28F0DF}.AppStore|ARM.Build.0 = Release|ARM
		{6261AFB3-A7FF-417A-9BB5-E6AF8D28F0DF}.AppStore|ARM.Deploy.0 = Release|ARM
		{6261AFB3-A7FF-417A-9BB5-E6AF8D28F0DF}.AppStore|iPhone.ActiveCfg = Release|Any CPU
		{6261AFB3-A7FF-417A-9BB5-E6AF8D28F0DF}.AppStore|iPhoneSimulator.ActiveCfg = Release|Any CPU
		{6261AFB3-A7FF-417A-9BB5-E6AF8D28F0DF}.AppStore|Mixed Platforms.ActiveCfg = Release|x86
		{6261AFB3-A7FF-417A-9BB5-E6AF8D28F0DF}.AppStore|Mixed Platforms.Build.0 = Release|x86
		{6261AFB3-A7FF-417A-9BB5-E6AF8D28F0DF}.AppStore|Mixed Platforms.Deploy.0 = Release|x86
		{6261AFB3-A7FF-417A-9BB5-E6AF8D28F0DF}.AppStore|x86.ActiveCfg = Release|x86
		{6261AFB3-A7FF-417A-9BB5-E6AF8D28F0DF}.AppStore|x86.Build.0 = Release|x86
		{6261AFB3-A7FF-417A-9BB5-E6AF8D28F0DF}.AppStore|x86.Deploy.0 = Release|x86
		{6261AFB3-A7FF-417A-9BB5-E6AF8D28F0DF}.Debug|Any CPU.ActiveCfg = Debug|Any CPU
		{6261AFB3-A7FF-417A-9BB5-E6AF8D28F0DF}.Debug|Any CPU.Build.0 = Debug|Any CPU
		{6261AFB3-A7FF-417A-9BB5-E6AF8D28F0DF}.Debug|Any CPU.Deploy.0 = Debug|Any CPU
		{6261AFB3-A7FF-417A-9BB5-E6AF8D28F0DF}.Debug|ARM.ActiveCfg = Debug|ARM
		{6261AFB3-A7FF-417A-9BB5-E6AF8D28F0DF}.Debug|ARM.Build.0 = Debug|ARM
		{6261AFB3-A7FF-417A-9BB5-E6AF8D28F0DF}.Debug|ARM.Deploy.0 = Debug|ARM
		{6261AFB3-A7FF-417A-9BB5-E6AF8D28F0DF}.Debug|iPhone.ActiveCfg = Debug|Any CPU
		{6261AFB3-A7FF-417A-9BB5-E6AF8D28F0DF}.Debug|iPhoneSimulator.ActiveCfg = Debug|Any CPU
		{6261AFB3-A7FF-417A-9BB5-E6AF8D28F0DF}.Debug|Mixed Platforms.ActiveCfg = Debug|x86
		{6261AFB3-A7FF-417A-9BB5-E6AF8D28F0DF}.Debug|Mixed Platforms.Build.0 = Debug|x86
		{6261AFB3-A7FF-417A-9BB5-E6AF8D28F0DF}.Debug|Mixed Platforms.Deploy.0 = Debug|x86
		{6261AFB3-A7FF-417A-9BB5-E6AF8D28F0DF}.Debug|x86.ActiveCfg = Debug|x86
		{6261AFB3-A7FF-417A-9BB5-E6AF8D28F0DF}.Debug|x86.Build.0 = Debug|x86
		{6261AFB3-A7FF-417A-9BB5-E6AF8D28F0DF}.Debug|x86.Deploy.0 = Debug|x86
		{6261AFB3-A7FF-417A-9BB5-E6AF8D28F0DF}.Release|Any CPU.ActiveCfg = Release|Any CPU
		{6261AFB3-A7FF-417A-9BB5-E6AF8D28F0DF}.Release|Any CPU.Build.0 = Release|Any CPU
		{6261AFB3-A7FF-417A-9BB5-E6AF8D28F0DF}.Release|Any CPU.Deploy.0 = Release|Any CPU
		{6261AFB3-A7FF-417A-9BB5-E6AF8D28F0DF}.Release|ARM.ActiveCfg = Release|ARM
		{6261AFB3-A7FF-417A-9BB5-E6AF8D28F0DF}.Release|ARM.Build.0 = Release|ARM
		{6261AFB3-A7FF-417A-9BB5-E6AF8D28F0DF}.Release|ARM.Deploy.0 = Release|ARM
		{6261AFB3-A7FF-417A-9BB5-E6AF8D28F0DF}.Release|iPhone.ActiveCfg = Release|Any CPU
		{6261AFB3-A7FF-417A-9BB5-E6AF8D28F0DF}.Release|iPhoneSimulator.ActiveCfg = Release|Any CPU
		{6261AFB3-A7FF-417A-9BB5-E6AF8D28F0DF}.Release|Mixed Platforms.ActiveCfg = Release|x86
		{6261AFB3-A7FF-417A-9BB5-E6AF8D28F0DF}.Release|Mixed Platforms.Build.0 = Release|x86
		{6261AFB3-A7FF-417A-9BB5-E6AF8D28F0DF}.Release|Mixed Platforms.Deploy.0 = Release|x86
		{6261AFB3-A7FF-417A-9BB5-E6AF8D28F0DF}.Release|x86.ActiveCfg = Release|x86
		{6261AFB3-A7FF-417A-9BB5-E6AF8D28F0DF}.Release|x86.Build.0 = Release|x86
		{6261AFB3-A7FF-417A-9BB5-E6AF8D28F0DF}.Release|x86.Deploy.0 = Release|x86
		{906C774D-C4E5-4C9E-98A6-D2E81627FB38}.Ad-Hoc|Any CPU.ActiveCfg = Ad-Hoc|iPhone
		{906C774D-C4E5-4C9E-98A6-D2E81627FB38}.Ad-Hoc|ARM.ActiveCfg = Ad-Hoc|iPhone
		{906C774D-C4E5-4C9E-98A6-D2E81627FB38}.Ad-Hoc|iPhone.ActiveCfg = Ad-Hoc|iPhone
		{906C774D-C4E5-4C9E-98A6-D2E81627FB38}.Ad-Hoc|iPhone.Build.0 = Ad-Hoc|iPhone
		{906C774D-C4E5-4C9E-98A6-D2E81627FB38}.Ad-Hoc|iPhoneSimulator.ActiveCfg = Ad-Hoc|iPhoneSimulator
		{906C774D-C4E5-4C9E-98A6-D2E81627FB38}.Ad-Hoc|iPhoneSimulator.Build.0 = Ad-Hoc|iPhoneSimulator
		{906C774D-C4E5-4C9E-98A6-D2E81627FB38}.Ad-Hoc|Mixed Platforms.ActiveCfg = Ad-Hoc|iPhone
		{906C774D-C4E5-4C9E-98A6-D2E81627FB38}.Ad-Hoc|Mixed Platforms.Build.0 = Ad-Hoc|iPhone
		{906C774D-C4E5-4C9E-98A6-D2E81627FB38}.Ad-Hoc|x86.ActiveCfg = Ad-Hoc|iPhone
		{906C774D-C4E5-4C9E-98A6-D2E81627FB38}.AppStore|Any CPU.ActiveCfg = AppStore|iPhone
		{906C774D-C4E5-4C9E-98A6-D2E81627FB38}.AppStore|ARM.ActiveCfg = AppStore|iPhone
		{906C774D-C4E5-4C9E-98A6-D2E81627FB38}.AppStore|iPhone.ActiveCfg = AppStore|iPhone
		{906C774D-C4E5-4C9E-98A6-D2E81627FB38}.AppStore|iPhone.Build.0 = AppStore|iPhone
		{906C774D-C4E5-4C9E-98A6-D2E81627FB38}.AppStore|iPhoneSimulator.ActiveCfg = AppStore|iPhoneSimulator
		{906C774D-C4E5-4C9E-98A6-D2E81627FB38}.AppStore|iPhoneSimulator.Build.0 = AppStore|iPhoneSimulator
		{906C774D-C4E5-4C9E-98A6-D2E81627FB38}.AppStore|Mixed Platforms.ActiveCfg = AppStore|iPhone
		{906C774D-C4E5-4C9E-98A6-D2E81627FB38}.AppStore|Mixed Platforms.Build.0 = AppStore|iPhone
		{906C774D-C4E5-4C9E-98A6-D2E81627FB38}.AppStore|x86.ActiveCfg = AppStore|iPhone
		{906C774D-C4E5-4C9E-98A6-D2E81627FB38}.Debug|Any CPU.ActiveCfg = Debug|iPhone
		{906C774D-C4E5-4C9E-98A6-D2E81627FB38}.Debug|ARM.ActiveCfg = Debug|iPhone
		{906C774D-C4E5-4C9E-98A6-D2E81627FB38}.Debug|iPhone.ActiveCfg = Debug|iPhone
		{906C774D-C4E5-4C9E-98A6-D2E81627FB38}.Debug|iPhone.Build.0 = Debug|iPhone
		{906C774D-C4E5-4C9E-98A6-D2E81627FB38}.Debug|iPhoneSimulator.ActiveCfg = Debug|iPhoneSimulator
		{906C774D-C4E5-4C9E-98A6-D2E81627FB38}.Debug|iPhoneSimulator.Build.0 = Debug|iPhoneSimulator
		{906C774D-C4E5-4C9E-98A6-D2E81627FB38}.Debug|Mixed Platforms.ActiveCfg = Debug|iPhone
		{906C774D-C4E5-4C9E-98A6-D2E81627FB38}.Debug|Mixed Platforms.Build.0 = Debug|iPhone
		{906C774D-C4E5-4C9E-98A6-D2E81627FB38}.Debug|x86.ActiveCfg = Debug|iPhone
		{906C774D-C4E5-4C9E-98A6-D2E81627FB38}.Release|Any CPU.ActiveCfg = Release|iPhone
		{906C774D-C4E5-4C9E-98A6-D2E81627FB38}.Release|ARM.ActiveCfg = Release|iPhone
		{906C774D-C4E5-4C9E-98A6-D2E81627FB38}.Release|iPhone.ActiveCfg = Release|iPhone
		{906C774D-C4E5-4C9E-98A6-D2E81627FB38}.Release|iPhone.Build.0 = Release|iPhone
		{906C774D-C4E5-4C9E-98A6-D2E81627FB38}.Release|iPhoneSimulator.ActiveCfg = Release|iPhoneSimulator
		{906C774D-C4E5-4C9E-98A6-D2E81627FB38}.Release|iPhoneSimulator.Build.0 = Release|iPhoneSimulator
		{906C774D-C4E5-4C9E-98A6-D2E81627FB38}.Release|Mixed Platforms.ActiveCfg = Release|iPhone
		{906C774D-C4E5-4C9E-98A6-D2E81627FB38}.Release|Mixed Platforms.Build.0 = Release|iPhone
		{906C774D-C4E5-4C9E-98A6-D2E81627FB38}.Release|x86.ActiveCfg = Release|iPhone
		{AA487211-D79A-47C1-914C-D07211DC8F22}.Ad-Hoc|Any CPU.ActiveCfg = Release|Any CPU
		{AA487211-D79A-47C1-914C-D07211DC8F22}.Ad-Hoc|Any CPU.Build.0 = Release|Any CPU
		{AA487211-D79A-47C1-914C-D07211DC8F22}.Ad-Hoc|Any CPU.Deploy.0 = Release|Any CPU
		{AA487211-D79A-47C1-914C-D07211DC8F22}.Ad-Hoc|ARM.ActiveCfg = Release|Any CPU
		{AA487211-D79A-47C1-914C-D07211DC8F22}.Ad-Hoc|iPhone.ActiveCfg = Release|Any CPU
		{AA487211-D79A-47C1-914C-D07211DC8F22}.Ad-Hoc|iPhoneSimulator.ActiveCfg = Release|Any CPU
		{AA487211-D79A-47C1-914C-D07211DC8F22}.Ad-Hoc|Mixed Platforms.ActiveCfg = Release|Any CPU
		{AA487211-D79A-47C1-914C-D07211DC8F22}.Ad-Hoc|Mixed Platforms.Build.0 = Release|Any CPU
		{AA487211-D79A-47C1-914C-D07211DC8F22}.Ad-Hoc|Mixed Platforms.Deploy.0 = Release|Any CPU
		{AA487211-D79A-47C1-914C-D07211DC8F22}.Ad-Hoc|x86.ActiveCfg = Release|Any CPU
		{AA487211-D79A-47C1-914C-D07211DC8F22}.AppStore|Any CPU.ActiveCfg = Release|Any CPU
		{AA487211-D79A-47C1-914C-D07211DC8F22}.AppStore|Any CPU.Build.0 = Release|Any CPU
		{AA487211-D79A-47C1-914C-D07211DC8F22}.AppStore|Any CPU.Deploy.0 = Release|Any CPU
		{AA487211-D79A-47C1-914C-D07211DC8F22}.AppStore|ARM.ActiveCfg = Release|Any CPU
		{AA487211-D79A-47C1-914C-D07211DC8F22}.AppStore|iPhone.ActiveCfg = Release|Any CPU
		{AA487211-D79A-47C1-914C-D07211DC8F22}.AppStore|iPhoneSimulator.ActiveCfg = Release|Any CPU
		{AA487211-D79A-47C1-914C-D07211DC8F22}.AppStore|Mixed Platforms.ActiveCfg = Release|Any CPU
		{AA487211-D79A-47C1-914C-D07211DC8F22}.AppStore|Mixed Platforms.Build.0 = Release|Any CPU
		{AA487211-D79A-47C1-914C-D07211DC8F22}.AppStore|Mixed Platforms.Deploy.0 = Release|Any CPU
		{AA487211-D79A-47C1-914C-D07211DC8F22}.AppStore|x86.ActiveCfg = Release|Any CPU
		{AA487211-D79A-47C1-914C-D07211DC8F22}.Debug|Any CPU.ActiveCfg = Debug|Any CPU
		{AA487211-D79A-47C1-914C-D07211DC8F22}.Debug|Any CPU.Build.0 = Debug|Any CPU
		{AA487211-D79A-47C1-914C-D07211DC8F22}.Debug|Any CPU.Deploy.0 = Debug|Any CPU
		{AA487211-D79A-47C1-914C-D07211DC8F22}.Debug|ARM.ActiveCfg = Debug|Any CPU
		{AA487211-D79A-47C1-914C-D07211DC8F22}.Debug|iPhone.ActiveCfg = Debug|Any CPU
		{AA487211-D79A-47C1-914C-D07211DC8F22}.Debug|iPhoneSimulator.ActiveCfg = Debug|Any CPU
		{AA487211-D79A-47C1-914C-D07211DC8F22}.Debug|Mixed Platforms.ActiveCfg = Debug|Any CPU
		{AA487211-D79A-47C1-914C-D07211DC8F22}.Debug|Mixed Platforms.Build.0 = Debug|Any CPU
		{AA487211-D79A-47C1-914C-D07211DC8F22}.Debug|Mixed Platforms.Deploy.0 = Debug|Any CPU
		{AA487211-D79A-47C1-914C-D07211DC8F22}.Debug|x86.ActiveCfg = Debug|Any CPU
		{AA487211-D79A-47C1-914C-D07211DC8F22}.Release|Any CPU.ActiveCfg = Release|Any CPU
		{AA487211-D79A-47C1-914C-D07211DC8F22}.Release|Any CPU.Build.0 = Release|Any CPU
		{AA487211-D79A-47C1-914C-D07211DC8F22}.Release|Any CPU.Deploy.0 = Release|Any CPU
		{AA487211-D79A-47C1-914C-D07211DC8F22}.Release|ARM.ActiveCfg = Release|Any CPU
		{AA487211-D79A-47C1-914C-D07211DC8F22}.Release|iPhone.ActiveCfg = Release|Any CPU
		{AA487211-D79A-47C1-914C-D07211DC8F22}.Release|iPhoneSimulator.ActiveCfg = Release|Any CPU
		{AA487211-D79A-47C1-914C-D07211DC8F22}.Release|Mixed Platforms.ActiveCfg = Release|Any CPU
		{AA487211-D79A-47C1-914C-D07211DC8F22}.Release|Mixed Platforms.Build.0 = Release|Any CPU
		{AA487211-D79A-47C1-914C-D07211DC8F22}.Release|Mixed Platforms.Deploy.0 = Release|Any CPU
		{AA487211-D79A-47C1-914C-D07211DC8F22}.Release|x86.ActiveCfg = Release|Any CPU
	EndGlobalSection
	GlobalSection(SolutionProperties) = preSolution
		HideSolutionNode = FALSE
	EndGlobalSection
EndGlobal
